
Microsoft Visual Studio Solution File, Format Version 12.00
# Visual Studio Version 16
VisualStudioVersion = 16.0.30804.86
MinimumVisualStudioVersion = 10.0.40219.1
Project("{FAE04EC0-301F-11D3-BF4B-00C04F79EFBC}") = "PaymentGatewayApi", "PaymentGatewayApi\PaymentGatewayApi.csproj", "{C8D0DD29-67AB-4190-B977-3FBD34247257}"
EndProject
Project("{FAE04EC0-301F-11D3-BF4B-00C04F79EFBC}") = "PaymentGatewayApiTests", "PaymentGatewayApiTests\PaymentGatewayApiTests.csproj", "{59B852FD-9997-44ED-BF76-36DEF7084318}"
EndProject
Global
	GlobalSection(SolutionConfigurationPlatforms) = preSolution
		Debug|Any CPU = Debug|Any CPU
		Release|Any CPU = Release|Any CPU
	EndGlobalSection
	GlobalSection(ProjectConfigurationPlatforms) = postSolution
		{C8D0DD29-67AB-4190-B977-3FBD34247257}.Debug|Any CPU.ActiveCfg = Debug|Any CPU
		{C8D0DD29-67AB-4190-B977-3FBD34247257}.Debug|Any CPU.Build.0 = Debug|Any CPU
		{C8D0DD29-67AB-4190-B977-3FBD34247257}.Release|Any CPU.ActiveCfg = Release|Any CPU
		{C8D0DD29-67AB-4190-B977-3FBD34247257}.Release|Any CPU.Build.0 = Release|Any CPU
		{59B852FD-9997-44ED-BF76-36DEF7084318}.Debug|Any CPU.ActiveCfg = Debug|Any CPU
		{59B852FD-9997-44ED-BF76-36DEF7084318}.Debug|Any CPU.Build.0 = Debug|Any CPU
		{59B852FD-9997-44ED-BF76-36DEF7084318}.Release|Any CPU.ActiveCfg = Release|Any CPU
		{59B852FD-9997-44ED-BF76-36DEF7084318}.Release|Any CPU.Build.0 = Release|Any CPU
	EndGlobalSection
	GlobalSection(SolutionProperties) = preSolution
		HideSolutionNode = FALSE
	EndGlobalSection
	GlobalSection(ExtensibilityGlobals) = postSolution
		SolutionGuid = {0EEFBCBD-D14C-41C4-A1BE-41A48E5B99CC}
	EndGlobalSection
EndGlobal
